
Microsoft Visual Studio Solution File, Format Version 12.00
# Visual Studio Version 17
VisualStudioVersion = 17.14.36221.1 d17.14
MinimumVisualStudioVersion = 10.0.40219.1
Project("{F184B08F-C81C-45F6-A57F-5ABD9991F28F}") = "WindowsApp1", "WindowsApp1\WindowsApp1.vbproj", "{07A01541-3F4C-404E-BE0B-901915845BC2}"
EndProject
Global
	GlobalSection(SolutionConfigurationPlatforms) = preSolution
		Debug|Any CPU = Debug|Any CPU
		Release|Any CPU = Release|Any CPU
	EndGlobalSection
	GlobalSection(ProjectConfigurationPlatforms) = postSolution
		{07A01541-3F4C-404E-BE0B-901915845BC2}.Debug|Any CPU.ActiveCfg = Debug|Any CPU
		{07A01541-3F4C-404E-BE0B-901915845BC2}.Debug|Any CPU.Build.0 = Debug|Any CPU
		{07A01541-3F4C-404E-BE0B-901915845BC2}.Release|Any CPU.ActiveCfg = Release|Any CPU
		{07A01541-3F4C-404E-BE0B-901915845BC2}.Release|Any CPU.Build.0 = Release|Any CPU
	EndGlobalSection
	GlobalSection(SolutionProperties) = preSolution
		HideSolutionNode = FALSE
	EndGlobalSection
	GlobalSection(ExtensibilityGlobals) = postSolution
		SolutionGuid = {A864519C-7153-4226-8847-2D09CBD526E0}
	EndGlobalSection
EndGlobal
